
Microsoft Visual Studio Solution File, Format Version 11.00
# Visual Studio 2010
Project("{2150E333-8FDC-42A3-9474-1A3956D46DE8}") = "Solution Items", "Solution Items", "{FFD80A00-AE48-4F30-8A09-A540C89748A4}"
	ProjectSection(SolutionItems) = preProject
		LocalTestRun.testrunconfig = LocalTestRun.testrunconfig
		Zetetic.Ldap.Schema.vsmdi = Zetetic.Ldap.Schema.vsmdi
	EndProjectSection
EndProject
Project("{FAE04EC0-301F-11D3-BF4B-00C04F79EFBC}") = "Zetetic.Ldap", "Zetetic.Ldap.csproj", "{35692384-717C-4CF0-88FA-5E5A576065CA}"
EndProject
Project("{FAE04EC0-301F-11D3-BF4B-00C04F79EFBC}") = "SchemaInfoTests", "SchemaInfoTests\SchemaInfoTests.csproj", "{A18ABC4F-FF42-4DC4-B898-F38972F77BFF}"
EndProject
Project("{FAE04EC0-301F-11D3-BF4B-00C04F79EFBC}") = "LdifTests", "LdifTests\LdifTests.csproj", "{72CBB6CA-D599-4C19-9842-F925ECE79D46}"
EndProject
Project("{FAE04EC0-301F-11D3-BF4B-00C04F79EFBC}") = "Zetetic.Ldap.Pivoter", "..\Zetetic.Ldap.Pivoter\Zetetic.Ldap.Pivoter.csproj", "{0DCE6C3E-D8B7-48BC-B64D-6EA9187196D3}"
EndProject
Project("{FAE04EC0-301F-11D3-BF4B-00C04F79EFBC}") = "Zetetic.Ldap.AdsImportPrep", "..\Zetetic.Ldap.AdsImportPrep\Zetetic.Ldap.AdsImportPrep.csproj", "{F9D51235-D4C5-4952-8DAB-5ED50213693E}"
EndProject
Project("{FAE04EC0-301F-11D3-BF4B-00C04F79EFBC}") = "ZLdapSearch", "..\ZLdapSearch\ZLdapSearch.csproj", "{3047D3EF-ED71-4BD0-89E7-F78739A018CB}"
EndProject
Global
	GlobalSection(TestCaseManagementSettings) = postSolution
		CategoryFile = Zetetic.Ldap.Schema.vsmdi
	EndGlobalSection
	GlobalSection(SolutionConfigurationPlatforms) = preSolution
		Debug|Any CPU = Debug|Any CPU
		Debug|Mixed Platforms = Debug|Mixed Platforms
		Debug|x86 = Debug|x86
		Release|Any CPU = Release|Any CPU
		Release|Mixed Platforms = Release|Mixed Platforms
		Release|x86 = Release|x86
	EndGlobalSection
	GlobalSection(ProjectConfigurationPlatforms) = postSolution
		{35692384-717C-4CF0-88FA-5E5A576065CA}.Debug|Any CPU.ActiveCfg = Debug|Any CPU
		{35692384-717C-4CF0-88FA-5E5A576065CA}.Debug|Any CPU.Build.0 = Debug|Any CPU
		{35692384-717C-4CF0-88FA-5E5A576065CA}.Debug|Mixed Platforms.ActiveCfg = Debug|Any CPU
		{35692384-717C-4CF0-88FA-5E5A576065CA}.Debug|Mixed Platforms.Build.0 = Debug|Any CPU
		{35692384-717C-4CF0-88FA-5E5A576065CA}.Debug|x86.ActiveCfg = Debug|Any CPU
		{35692384-717C-4CF0-88FA-5E5A576065CA}.Release|Any CPU.ActiveCfg = Release|Any CPU
		{35692384-717C-4CF0-88FA-5E5A576065CA}.Release|Any CPU.Build.0 = Release|Any CPU
		{35692384-717C-4CF0-88FA-5E5A576065CA}.Release|Mixed Platforms.ActiveCfg = Release|Any CPU
		{35692384-717C-4CF0-88FA-5E5A576065CA}.Release|Mixed Platforms.Build.0 = Release|Any CPU
		{35692384-717C-4CF0-88FA-5E5A576065CA}.Release|x86.ActiveCfg = Release|Any CPU
		{A18ABC4F-FF42-4DC4-B898-F38972F77BFF}.Debug|Any CPU.ActiveCfg = Debug|Any CPU
		{A18ABC4F-FF42-4DC4-B898-F38972F77BFF}.Debug|Any CPU.Build.0 = Debug|Any CPU
		{A18ABC4F-FF42-4DC4-B898-F38972F77BFF}.Debug|Mixed Platforms.ActiveCfg = Debug|Any CPU
		{A18ABC4F-FF42-4DC4-B898-F38972F77BFF}.Debug|Mixed Platforms.Build.0 = Debug|Any CPU
		{A18ABC4F-FF42-4DC4-B898-F38972F77BFF}.Debug|x86.ActiveCfg = Debug|Any CPU
		{A18ABC4F-FF42-4DC4-B898-F38972F77BFF}.Release|Any CPU.ActiveCfg = Release|Any CPU
		{A18ABC4F-FF42-4DC4-B898-F38972F77BFF}.Release|Any CPU.Build.0 = Release|Any CPU
		{A18ABC4F-FF42-4DC4-B898-F38972F77BFF}.Release|Mixed Platforms.ActiveCfg = Release|Any CPU
		{A18ABC4F-FF42-4DC4-B898-F38972F77BFF}.Release|Mixed Platforms.Build.0 = Release|Any CPU
		{A18ABC4F-FF42-4DC4-B898-F38972F77BFF}.Release|x86.ActiveCfg = Release|Any CPU
		{72CBB6CA-D599-4C19-9842-F925ECE79D46}.Debug|Any CPU.ActiveCfg = Debug|Any CPU
		{72CBB6CA-D599-4C19-9842-F925ECE79D46}.Debug|Any CPU.Build.0 = Debug|Any CPU
		{72CBB6CA-D599-4C19-9842-F925ECE79D46}.Debug|Mixed Platforms.ActiveCfg = Debug|Any CPU
		{72CBB6CA-D599-4C19-9842-F925ECE79D46}.Debug|Mixed Platforms.Build.0 = Debug|Any CPU
		{72CBB6CA-D599-4C19-9842-F925ECE79D46}.Debug|x86.ActiveCfg = Debug|Any CPU
		{72CBB6CA-D599-4C19-9842-F925ECE79D46}.Release|Any CPU.ActiveCfg = Release|Any CPU
		{72CBB6CA-D599-4C19-9842-F925ECE79D46}.Release|Any CPU.Build.0 = Release|Any CPU
		{72CBB6CA-D599-4C19-9842-F925ECE79D46}.Release|Mixed Platforms.ActiveCfg = Release|Any CPU
		{72CBB6CA-D599-4C19-9842-F925ECE79D46}.Release|Mixed Platforms.Build.0 = Release|Any CPU
		{72CBB6CA-D599-4C19-9842-F925ECE79D46}.Release|x86.ActiveCfg = Release|Any CPU
		{0DCE6C3E-D8B7-48BC-B64D-6EA9187196D3}.Debug|Any CPU.ActiveCfg = Debug|Any CPU
		{0DCE6C3E-D8B7-48BC-B64D-6EA9187196D3}.Debug|Any CPU.Build.0 = Debug|Any CPU
		{0DCE6C3E-D8B7-48BC-B64D-6EA9187196D3}.Debug|Mixed Platforms.ActiveCfg = Debug|Any CPU
		{0DCE6C3E-D8B7-48BC-B64D-6EA9187196D3}.Debug|Mixed Platforms.Build.0 = Debug|Any CPU
		{0DCE6C3E-D8B7-48BC-B64D-6EA9187196D3}.Debug|x86.ActiveCfg = Debug|Any CPU
		{0DCE6C3E-D8B7-48BC-B64D-6EA9187196D3}.Release|Any CPU.ActiveCfg = Release|Any CPU
		{0DCE6C3E-D8B7-48BC-B64D-6EA9187196D3}.Release|Any CPU.Build.0 = Release|Any CPU
		{0DCE6C3E-D8B7-48BC-B64D-6EA9187196D3}.Release|Mixed Platforms.ActiveCfg = Release|Any CPU
		{0DCE6C3E-D8B7-48BC-B64D-6EA9187196D3}.Release|Mixed Platforms.Build.0 = Release|Any CPU
		{0DCE6C3E-D8B7-48BC-B64D-6EA9187196D3}.Release|x86.ActiveCfg = Release|Any CPU
		{F9D51235-D4C5-4952-8DAB-5ED50213693E}.Debug|Any CPU.ActiveCfg = Debug|Any CPU
		{F9D51235-D4C5-4952-8DAB-5ED50213693E}.Debug|Any CPU.Build.0 = Debug|Any CPU
		{F9D51235-D4C5-4952-8DAB-5ED50213693E}.Debug|Mixed Platforms.ActiveCfg = Debug|Any CPU
		{F9D51235-D4C5-4952-8DAB-5ED50213693E}.Debug|Mixed Platforms.Build.0 = Debug|Any CPU
		{F9D51235-D4C5-4952-8DAB-5ED50213693E}.Debug|x86.ActiveCfg = Debug|Any CPU
		{F9D51235-D4C5-4952-8DAB-5ED50213693E}.Release|Any CPU.ActiveCfg = Release|Any CPU
		{F9D51235-D4C5-4952-8DAB-5ED50213693E}.Release|Any CPU.Build.0 = Release|Any CPU
		{F9D51235-D4C5-4952-8DAB-5ED50213693E}.Release|Mixed Platforms.ActiveCfg = Release|Any CPU
		{F9D51235-D4C5-4952-8DAB-5ED50213693E}.Release|Mixed Platforms.Build.0 = Release|Any CPU
		{F9D51235-D4C5-4952-8DAB-5ED50213693E}.Release|x86.ActiveCfg = Release|Any CPU
		{3047D3EF-ED71-4BD0-89E7-F78739A018CB}.Debug|Any CPU.ActiveCfg = Debug|x86
		{3047D3EF-ED71-4BD0-89E7-F78739A018CB}.Debug|Mixed Platforms.ActiveCfg = Debug|x86
		{3047D3EF-ED71-4BD0-89E7-F78739A018CB}.Debug|Mixed Platforms.Build.0 = Debug|x86
		{3047D3EF-ED71-4BD0-89E7-F78739A018CB}.Debug|x86.ActiveCfg = Debug|x86
		{3047D3EF-ED71-4BD0-89E7-F78739A018CB}.Debug|x86.Build.0 = Debug|x86
		{3047D3EF-ED71-4BD0-89E7-F78739A018CB}.Release|Any CPU.ActiveCfg = Release|x86
		{3047D3EF-ED71-4BD0-89E7-F78739A018CB}.Release|Mixed Platforms.ActiveCfg = Release|x86
		{3047D3EF-ED71-4BD0-89E7-F78739A018CB}.Release|Mixed Platforms.Build.0 = Release|x86
		{3047D3EF-ED71-4BD0-89E7-F78739A018CB}.Release|x86.ActiveCfg = Release|x86
		{3047D3EF-ED71-4BD0-89E7-F78739A018CB}.Release|x86.Build.0 = Release|x86
	EndGlobalSection
	GlobalSection(SolutionProperties) = preSolution
		HideSolutionNode = FALSE
	EndGlobalSection
EndGlobal
