
Microsoft Visual Studio Solution File, Format Version 10.00
# Visual Studio 2008
Project("{FAE04EC0-301F-11D3-BF4B-00C04F79EFBC}") = "Zetetic.Ldap", "Zetetic.Ldap.csproj", "{35692384-717C-4CF0-88FA-5E5A576065CA}"
EndProject
Project("{FAE04EC0-301F-11D3-BF4B-00C04F79EFBC}") = "SchemaInfoTests", "SchemaInfoTests\SchemaInfoTests.csproj", "{A18ABC4F-FF42-4DC4-B898-F38972F77BFF}"
EndProject
Project("{2150E333-8FDC-42A3-9474-1A3956D46DE8}") = "Solution Items", "Solution Items", "{FFD80A00-AE48-4F30-8A09-A540C89748A4}"
	ProjectSection(SolutionItems) = preProject
		LocalTestRun.testrunconfig = LocalTestRun.testrunconfig
		Zetetic.Ldap.Schema.vsmdi = Zetetic.Ldap.Schema.vsmdi
	EndProjectSection
EndProject
Project("{FAE04EC0-301F-11D3-BF4B-00C04F79EFBC}") = "LdifTests", "LdifTests\LdifTests.csproj", "{72CBB6CA-D599-4C19-9842-F925ECE79D46}"
EndProject
Project("{FAE04EC0-301F-11D3-BF4B-00C04F79EFBC}") = "Zetetic.Ldap.Pivoter", "..\Zetetic.Ldap.Pivoter\Zetetic.Ldap.Pivoter.csproj", "{0DCE6C3E-D8B7-48BC-B64D-6EA9187196D3}"
EndProject
Global
	GlobalSection(TestCaseManagementSettings) = postSolution
		CategoryFile = Zetetic.Ldap.Schema.vsmdi
	EndGlobalSection
	GlobalSection(SolutionConfigurationPlatforms) = preSolution
		Debug|Any CPU = Debug|Any CPU
		Release|Any CPU = Release|Any CPU
	EndGlobalSection
	GlobalSection(ProjectConfigurationPlatforms) = postSolution
		{35692384-717C-4CF0-88FA-5E5A576065CA}.Debug|Any CPU.ActiveCfg = Debug|Any CPU
		{35692384-717C-4CF0-88FA-5E5A576065CA}.Debug|Any CPU.Build.0 = Debug|Any CPU
		{35692384-717C-4CF0-88FA-5E5A576065CA}.Release|Any CPU.ActiveCfg = Release|Any CPU
		{35692384-717C-4CF0-88FA-5E5A576065CA}.Release|Any CPU.Build.0 = Release|Any CPU
		{A18ABC4F-FF42-4DC4-B898-F38972F77BFF}.Debug|Any CPU.ActiveCfg = Debug|Any CPU
		{A18ABC4F-FF42-4DC4-B898-F38972F77BFF}.Debug|Any CPU.Build.0 = Debug|Any CPU
		{A18ABC4F-FF42-4DC4-B898-F38972F77BFF}.Release|Any CPU.ActiveCfg = Release|Any CPU
		{A18ABC4F-FF42-4DC4-B898-F38972F77BFF}.Release|Any CPU.Build.0 = Release|Any CPU
		{72CBB6CA-D599-4C19-9842-F925ECE79D46}.Debug|Any CPU.ActiveCfg = Debug|Any CPU
		{72CBB6CA-D599-4C19-9842-F925ECE79D46}.Debug|Any CPU.Build.0 = Debug|Any CPU
		{72CBB6CA-D599-4C19-9842-F925ECE79D46}.Release|Any CPU.ActiveCfg = Release|Any CPU
		{72CBB6CA-D599-4C19-9842-F925ECE79D46}.Release|Any CPU.Build.0 = Release|Any CPU
		{0DCE6C3E-D8B7-48BC-B64D-6EA9187196D3}.Debug|Any CPU.ActiveCfg = Debug|Any CPU
		{0DCE6C3E-D8B7-48BC-B64D-6EA9187196D3}.Debug|Any CPU.Build.0 = Debug|Any CPU
		{0DCE6C3E-D8B7-48BC-B64D-6EA9187196D3}.Release|Any CPU.ActiveCfg = Release|Any CPU
		{0DCE6C3E-D8B7-48BC-B64D-6EA9187196D3}.Release|Any CPU.Build.0 = Release|Any CPU
	EndGlobalSection
	GlobalSection(SolutionProperties) = preSolution
		HideSolutionNode = FALSE
	EndGlobalSection
EndGlobal
